// !$*UTF8*$!
{
	archiveVersion = 1;
	classes = {
	};
	objectVersion = 55;
	objects = {

/* Begin PBXBuildFile section */
		844BAA8F27FC9052008B3569 /* WeatherTableViewCell.swift in Sources */ = {isa = PBXBuildFile; fileRef = 844BAA8D27FC9052008B3569 /* WeatherTableViewCell.swift */; };
		844BAA9027FC9052008B3569 /* WeatherTableViewCell.xib in Resources */ = {isa = PBXBuildFile; fileRef = 844BAA8E27FC9052008B3569 /* WeatherTableViewCell.xib */; };
		844BAA9327FC90C2008B3569 /* HourlyTableViewCell.swift in Sources */ = {isa = PBXBuildFile; fileRef = 844BAA9127FC90C2008B3569 /* HourlyTableViewCell.swift */; };
		844BAA9427FC90C2008B3569 /* HourlyTableViewCell.xib in Resources */ = {isa = PBXBuildFile; fileRef = 844BAA9227FC90C2008B3569 /* HourlyTableViewCell.xib */; };
		844BAA9827FDED8D008B3569 /* WeatherCollectionViewCell.swift in Sources */ = {isa = PBXBuildFile; fileRef = 844BAA9627FDED8D008B3569 /* WeatherCollectionViewCell.swift */; };
		844BAA9927FDED8D008B3569 /* WeatherCollectionViewCell.xib in Resources */ = {isa = PBXBuildFile; fileRef = 844BAA9727FDED8D008B3569 /* WeatherCollectionViewCell.xib */; };
		B5232E4B27FB374C00D9CE40 /* AppDelegate.swift in Sources */ = {isa = PBXBuildFile; fileRef = B5232E4A27FB374C00D9CE40 /* AppDelegate.swift */; };
		B5232E4D27FB374C00D9CE40 /* SceneDelegate.swift in Sources */ = {isa = PBXBuildFile; fileRef = B5232E4C27FB374C00D9CE40 /* SceneDelegate.swift */; };
		B5232E4F27FB374C00D9CE40 /* ViewController.swift in Sources */ = {isa = PBXBuildFile; fileRef = B5232E4E27FB374C00D9CE40 /* ViewController.swift */; };
		B5232E5227FB374C00D9CE40 /* Main.storyboard in Resources */ = {isa = PBXBuildFile; fileRef = B5232E5027FB374C00D9CE40 /* Main.storyboard */; };
		B5232E5427FB375000D9CE40 /* Assets.xcassets in Resources */ = {isa = PBXBuildFile; fileRef = B5232E5327FB375000D9CE40 /* Assets.xcassets */; };
		B5232E5727FB375000D9CE40 /* LaunchScreen.storyboard in Resources */ = {isa = PBXBuildFile; fileRef = B5232E5527FB375000D9CE40 /* LaunchScreen.storyboard */; };
		B5232E6127FD761100D9CE40 /* Constants.swift in Sources */ = {isa = PBXBuildFile; fileRef = B5232E6027FD761100D9CE40 /* Constants.swift */; };
/* End PBXBuildFile section */

/* Begin PBXFileReference section */
		844BAA8D27FC9052008B3569 /* WeatherTableViewCell.swift */ = {isa = PBXFileReference; lastKnownFileType = sourcecode.swift; path = WeatherTableViewCell.swift; sourceTree = "<group>"; };
		844BAA8E27FC9052008B3569 /* WeatherTableViewCell.xib */ = {isa = PBXFileReference; lastKnownFileType = file.xib; path = WeatherTableViewCell.xib; sourceTree = "<group>"; };
		844BAA9127FC90C2008B3569 /* HourlyTableViewCell.swift */ = {isa = PBXFileReference; lastKnownFileType = sourcecode.swift; path = HourlyTableViewCell.swift; sourceTree = "<group>"; };
		844BAA9227FC90C2008B3569 /* HourlyTableViewCell.xib */ = {isa = PBXFileReference; lastKnownFileType = file.xib; path = HourlyTableViewCell.xib; sourceTree = "<group>"; };
		844BAA9627FDED8D008B3569 /* WeatherCollectionViewCell.swift */ = {isa = PBXFileReference; lastKnownFileType = sourcecode.swift; path = WeatherCollectionViewCell.swift; sourceTree = "<group>"; };
		844BAA9727FDED8D008B3569 /* WeatherCollectionViewCell.xib */ = {isa = PBXFileReference; lastKnownFileType = file.xib; path = WeatherCollectionViewCell.xib; sourceTree = "<group>"; };
		B5232E4727FB374C00D9CE40 /* SwiftQuiz.app */ = {isa = PBXFileReference; explicitFileType = wrapper.application; includeInIndex = 0; path = SwiftQuiz.app; sourceTree = BUILT_PRODUCTS_DIR; };
		B5232E4A27FB374C00D9CE40 /* AppDelegate.swift */ = {isa = PBXFileReference; lastKnownFileType = sourcecode.swift; path = AppDelegate.swift; sourceTree = "<group>"; };
		B5232E4C27FB374C00D9CE40 /* SceneDelegate.swift */ = {isa = PBXFileReference; lastKnownFileType = sourcecode.swift; path = SceneDelegate.swift; sourceTree = "<group>"; };
		B5232E4E27FB374C00D9CE40 /* ViewController.swift */ = {isa = PBXFileReference; lastKnownFileType = sourcecode.swift; path = ViewController.swift; sourceTree = "<group>"; };
		B5232E5127FB374C00D9CE40 /* Base */ = {isa = PBXFileReference; lastKnownFileType = file.storyboard; name = Base; path = Base.lproj/Main.storyboard; sourceTree = "<group>"; };
		B5232E5327FB375000D9CE40 /* Assets.xcassets */ = {isa = PBXFileReference; lastKnownFileType = folder.assetcatalog; path = Assets.xcassets; sourceTree = "<group>"; };
		B5232E5627FB375000D9CE40 /* Base */ = {isa = PBXFileReference; lastKnownFileType = file.storyboard; name = Base; path = Base.lproj/LaunchScreen.storyboard; sourceTree = "<group>"; };
		B5232E5827FB375000D9CE40 /* Info.plist */ = {isa = PBXFileReference; lastKnownFileType = text.plist.xml; path = Info.plist; sourceTree = "<group>"; };
		B5232E6027FD761100D9CE40 /* Constants.swift */ = {isa = PBXFileReference; lastKnownFileType = sourcecode.swift; path = Constants.swift; sourceTree = "<group>"; };
/* End PBXFileReference section */

/* Begin PBXFrameworksBuildPhase section */
		B5232E4427FB374C00D9CE40 /* Frameworks */ = {
			isa = PBXFrameworksBuildPhase;
			buildActionMask = 2147483647;
			files = (
			);
			runOnlyForDeploymentPostprocessing = 0;
		};
/* End PBXFrameworksBuildPhase section */

/* Begin PBXGroup section */
		844BAA8B27FC8EE5008B3569 /* WeatherCell */ = {
			isa = PBXGroup;
			children = (
				844BAA8D27FC9052008B3569 /* WeatherTableViewCell.swift */,
				844BAA8E27FC9052008B3569 /* WeatherTableViewCell.xib */,
			);
			path = WeatherCell;
			sourceTree = "<group>";
		};
		844BAA8C27FC8F35008B3569 /* HourlyCollectionCell */ = {
			isa = PBXGroup;
			children = (
				844BAA9127FC90C2008B3569 /* HourlyTableViewCell.swift */,
				844BAA9227FC90C2008B3569 /* HourlyTableViewCell.xib */,
			);
			path = HourlyCollectionCell;
			sourceTree = "<group>";
		};
		844BAA9527FDED6A008B3569 /* CollectionViewCell */ = {
			isa = PBXGroup;
			children = (
				844BAA9627FDED8D008B3569 /* WeatherCollectionViewCell.swift */,
				844BAA9727FDED8D008B3569 /* WeatherCollectionViewCell.xib */,
			);
			path = CollectionViewCell;
			sourceTree = "<group>";
		};
		B5232E3E27FB374C00D9CE40 = {
			isa = PBXGroup;
			children = (
				B5232E4927FB374C00D9CE40 /* SwiftQuiz */,
				B5232E4827FB374C00D9CE40 /* Products */,
			);
			sourceTree = "<group>";
		};
		B5232E4827FB374C00D9CE40 /* Products */ = {
			isa = PBXGroup;
			children = (
				B5232E4727FB374C00D9CE40 /* SwiftQuiz.app */,
			);
			name = Products;
			sourceTree = "<group>";
		};
		B5232E4927FB374C00D9CE40 /* SwiftQuiz */ = {
			isa = PBXGroup;
			children = (
				844BAA9527FDED6A008B3569 /* CollectionViewCell */,
				844BAA8C27FC8F35008B3569 /* HourlyCollectionCell */,
				844BAA8B27FC8EE5008B3569 /* WeatherCell */,
				B5232E4A27FB374C00D9CE40 /* AppDelegate.swift */,
				B5232E4C27FB374C00D9CE40 /* SceneDelegate.swift */,
				B5232E4E27FB374C00D9CE40 /* ViewController.swift */,
				B5232E6027FD761100D9CE40 /* Constants.swift */,
				B5232E5027FB374C00D9CE40 /* Main.storyboard */,
				B5232E5327FB375000D9CE40 /* Assets.xcassets */,
				B5232E5527FB375000D9CE40 /* LaunchScreen.storyboard */,
				B5232E5827FB375000D9CE40 /* Info.plist */,
			);
			path = SwiftQuiz;
			sourceTree = "<group>";
		};
/* End PBXGroup section */

/* Begin PBXNativeTarget section */
		B5232E4627FB374C00D9CE40 /* SwiftQuiz */ = {
			isa = PBXNativeTarget;
			buildConfigurationList = B5232E5B27FB375000D9CE40 /* Build configuration list for PBXNativeTarget "SwiftQuiz" */;
			buildPhases = (
				B5232E4327FB374C00D9CE40 /* Sources */,
				B5232E4427FB374C00D9CE40 /* Frameworks */,
				B5232E4527FB374C00D9CE40 /* Resources */,
			);
			buildRules = (
			);
			dependencies = (
			);
			name = SwiftQuiz;
			productName = SwiftQuiz;
			productReference = B5232E4727FB374C00D9CE40 /* SwiftQuiz.app */;
			productType = "com.apple.product-type.application";
		};
/* End PBXNativeTarget section */

/* Begin PBXProject section */
		B5232E3F27FB374C00D9CE40 /* Project object */ = {
			isa = PBXProject;
			attributes = {
				BuildIndependentTargetsInParallel = 1;
				LastSwiftUpdateCheck = 1330;
				LastUpgradeCheck = 1330;
				TargetAttributes = {
					B5232E4627FB374C00D9CE40 = {
						CreatedOnToolsVersion = 13.3;
					};
				};
			};
			buildConfigurationList = B5232E4227FB374C00D9CE40 /* Build configuration list for PBXProject "SwiftQuiz" */;
			compatibilityVersion = "Xcode 13.0";
			developmentRegion = en;
			hasScannedForEncodings = 0;
			knownRegions = (
				en,
				Base,
			);
			mainGroup = B5232E3E27FB374C00D9CE40;
			productRefGroup = B5232E4827FB374C00D9CE40 /* Products */;
			projectDirPath = "";
			projectRoot = "";
			targets = (
				B5232E4627FB374C00D9CE40 /* SwiftQuiz */,
			);
		};
/* End PBXProject section */

/* Begin PBXResourcesBuildPhase section */
		B5232E4527FB374C00D9CE40 /* Resources */ = {
			isa = PBXResourcesBuildPhase;
			buildActionMask = 2147483647;
			files = (
				844BAA9027FC9052008B3569 /* WeatherTableViewCell.xib in Resources */,
				844BAA9427FC90C2008B3569 /* HourlyTableViewCell.xib in Resources */,
				B5232E5727FB375000D9CE40 /* LaunchScreen.storyboard in Resources */,
				B5232E5427FB375000D9CE40 /* Assets.xcassets in Resources */,
				B5232E5227FB374C00D9CE40 /* Main.storyboard in Resources */,
				844BAA9927FDED8D008B3569 /* WeatherCollectionViewCell.xib in Resources */,
			);
			runOnlyForDeploymentPostprocessing = 0;
		};
/* End PBXResourcesBuildPhase section */

/* Begin PBXSourcesBuildPhase section */
		B5232E4327FB374C00D9CE40 /* Sources */ = {
			isa = PBXSourcesBuildPhase;
			buildActionMask = 2147483647;
			files = (
				844BAA8F27FC9052008B3569 /* WeatherTableViewCell.swift in Sources */,
				B5232E4F27FB374C00D9CE40 /* ViewController.swift in Sources */,
				844BAA9327FC90C2008B3569 /* HourlyTableViewCell.swift in Sources */,
				844BAA9827FDED8D008B3569 /* WeatherCollectionViewCell.swift in Sources */,
				B5232E4B27FB374C00D9CE40 /* AppDelegate.swift in Sources */,
				B5232E4D27FB374C00D9CE40 /* SceneDelegate.swift in Sources */,
				B5232E6127FD761100D9CE40 /* Constants.swift in Sources */,
			);
			runOnlyForDeploymentPostprocessing = 0;
		};
/* End PBXSourcesBuildPhase section */

/* Begin PBXVariantGroup section */
		B5232E5027FB374C00D9CE40 /* Main.storyboard */ = {
			isa = PBXVariantGroup;
			children = (
				B5232E5127FB374C00D9CE40 /* Base */,
			);
			name = Main.storyboard;
			sourceTree = "<group>";
		};
		B5232E5527FB375000D9CE40 /* LaunchScreen.storyboard */ = {
			isa = PBXVariantGroup;
			children = (
				B5232E5627FB375000D9CE40 /* Base */,
			);
			name = LaunchScreen.storyboard;
			sourceTree = "<group>";
		};
/* End PBXVariantGroup section */

/* Begin XCBuildConfiguration section */
		B5232E5927FB375000D9CE40 /* Debug */ = {
			isa = XCBuildConfiguration;
			buildSettings = {
				ALWAYS_SEARCH_USER_PATHS = NO;
				CLANG_ANALYZER_NONNULL = YES;
				CLANG_ANALYZER_NUMBER_OBJECT_CONVERSION = YES_AGGRESSIVE;
				CLANG_CXX_LANGUAGE_STANDARD = "gnu++17";
				CLANG_ENABLE_MODULES = YES;
				CLANG_ENABLE_OBJC_ARC = YES;
				CLANG_ENABLE_OBJC_WEAK = YES;
				CLANG_WARN_BLOCK_CAPTURE_AUTORELEASING = YES;
				CLANG_WARN_BOOL_CONVERSION = YES;
				CLANG_WARN_COMMA = YES;
				CLANG_WARN_CONSTANT_CONVERSION = YES;
				CLANG_WARN_DEPRECATED_OBJC_IMPLEMENTATIONS = YES;
				CLANG_WARN_DIRECT_OBJC_ISA_USAGE = YES_ERROR;
				CLANG_WARN_DOCUMENTATION_COMMENTS = YES;
				CLANG_WARN_EMPTY_BODY = YES;
				CLANG_WARN_ENUM_CONVERSION = YES;
				CLANG_WARN_INFINITE_RECURSION = YES;
				CLANG_WARN_INT_CONVERSION = YES;
				CLANG_WARN_NON_LITERAL_NULL_CONVERSION = YES;
				CLANG_WARN_OBJC_IMPLICIT_RETAIN_SELF = YES;
				CLANG_WARN_OBJC_LITERAL_CONVERSION = YES;
				CLANG_WARN_OBJC_ROOT_CLASS = YES_ERROR;
				CLANG_WARN_QUOTED_INCLUDE_IN_FRAMEWORK_HEADER = YES;
				CLANG_WARN_RANGE_LOOP_ANALYSIS = YES;
				CLANG_WARN_STRICT_PROTOTYPES = YES;
				CLANG_WARN_SUSPICIOUS_MOVE = YES;
				CLANG_WARN_UNGUARDED_AVAILABILITY = YES_AGGRESSIVE;
				CLANG_WARN_UNREACHABLE_CODE = YES;
				CLANG_WARN__DUPLICATE_METHOD_MATCH = YES;
				COPY_PHASE_STRIP = NO;
				DEBUG_INFORMATION_FORMAT = dwarf;
				ENABLE_STRICT_OBJC_MSGSEND = YES;
				ENABLE_TESTABILITY = YES;
				GCC_C_LANGUAGE_STANDARD = gnu11;
				GCC_DYNAMIC_NO_PIC = NO;
				GCC_NO_COMMON_BLOCKS = YES;
				GCC_OPTIMIZATION_LEVEL = 0;
				GCC_PREPROCESSOR_DEFINITIONS = (
					"DEBUG=1",
					"$(inherited)",
				);
				GCC_WARN_64_TO_32_BIT_CONVERSION = YES;
				GCC_WARN_ABOUT_RETURN_TYPE = YES_ERROR;
				GCC_WARN_UNDECLARED_SELECTOR = YES;
				GCC_WARN_UNINITIALIZED_AUTOS = YES_AGGRESSIVE;
				GCC_WARN_UNUSED_FUNCTION = YES;
				GCC_WARN_UNUSED_VARIABLE = YES;
				IPHONEOS_DEPLOYMENT_TARGET = 15.4;
				MTL_ENABLE_DEBUG_INFO = INCLUDE_SOURCE;
				MTL_FAST_MATH = YES;
				ONLY_ACTIVE_ARCH = YES;
				SDKROOT = iphoneos;
				SWIFT_ACTIVE_COMPILATION_CONDITIONS = DEBUG;
				SWIFT_OPTIMIZATION_LEVEL = "-Onone";
			};
			name = Debug;
		};
		B5232E5A27FB375000D9CE40 /* Release */ = {
			isa = XCBuildConfiguration;
			buildSettings = {
				ALWAYS_SEARCH_USER_PATHS = NO;
				CLANG_ANALYZER_NONNULL = YES;
				CLANG_ANALYZER_NUMBER_OBJECT_CONVERSION = YES_AGGRESSIVE;
				CLANG_CXX_LANGUAGE_STANDARD = "gnu++17";
				CLANG_ENABLE_MODULES = YES;
				CLANG_ENABLE_OBJC_ARC = YES;
				CLANG_ENABLE_OBJC_WEAK = YES;
				CLANG_WARN_BLOCK_CAPTURE_AUTORELEASING = YES;
				CLANG_WARN_BOOL_CONVERSION = YES;
				CLANG_WARN_COMMA = YES;
				CLANG_WARN_CONSTANT_CONVERSION = YES;
				CLANG_WARN_DEPRECATED_OBJC_IMPLEMENTATIONS = YES;
				CLANG_WARN_DIRECT_OBJC_ISA_USAGE = YES_ERROR;
				CLANG_WARN_DOCUMENTATION_COMMENTS = YES;
				CLANG_WARN_EMPTY_BODY = YES;
				CLANG_WARN_ENUM_CONVERSION = YES;
				CLANG_WARN_INFINITE_RECURSION = YES;
				CLANG_WARN_INT_CONVERSION = YES;
				CLANG_WARN_NON_LITERAL_NULL_CONVERSION = YES;
				CLANG_WARN_OBJC_IMPLICIT_RETAIN_SELF = YES;
				CLANG_WARN_OBJC_LITERAL_CONVERSION = YES;
				CLANG_WARN_OBJC_ROOT_CLASS = YES_ERROR;
				CLANG_WARN_QUOTED_INCLUDE_IN_FRAMEWORK_HEADER = YES;
				CLANG_WARN_RANGE_LOOP_ANALYSIS = YES;
				CLANG_WARN_STRICT_PROTOTYPES = YES;
				CLANG_WARN_SUSPICIOUS_MOVE = YES;
				CLANG_WARN_UNGUARDED_AVAILABILITY = YES_AGGRESSIVE;
				CLANG_WARN_UNREACHABLE_CODE = YES;
				CLANG_WARN__DUPLICATE_METHOD_MATCH = YES;
				COPY_PHASE_STRIP = NO;
				DEBUG_INFORMATION_FORMAT = "dwarf-with-dsym";
				ENABLE_NS_ASSERTIONS = NO;
				ENABLE_STRICT_OBJC_MSGSEND = YES;
				GCC_C_LANGUAGE_STANDARD = gnu11;
				GCC_NO_COMMON_BLOCKS = YES;
				GCC_WARN_64_TO_32_BIT_CONVERSION = YES;
				GCC_WARN_ABOUT_RETURN_TYPE = YES_ERROR;
				GCC_WARN_UNDECLARED_SELECTOR = YES;
				GCC_WARN_UNINITIALIZED_AUTOS = YES_AGGRESSIVE;
				GCC_WARN_UNUSED_FUNCTION = YES;
				GCC_WARN_UNUSED_VARIABLE = YES;
				IPHONEOS_DEPLOYMENT_TARGET = 15.4;
				MTL_ENABLE_DEBUG_INFO = NO;
				MTL_FAST_MATH = YES;
				SDKROOT = iphoneos;
				SWIFT_COMPILATION_MODE = wholemodule;
				SWIFT_OPTIMIZATION_LEVEL = "-O";
				VALIDATE_PRODUCT = YES;
			};
			name = Release;
		};
		B5232E5C27FB375000D9CE40 /* Debug */ = {
			isa = XCBuildConfiguration;
			buildSettings = {
				ASSETCATALOG_COMPILER_APPICON_NAME = AppIcon;
				ASSETCATALOG_COMPILER_GLOBAL_ACCENT_COLOR_NAME = AccentColor;
				CODE_SIGN_STYLE = Automatic;
				CURRENT_PROJECT_VERSION = 1;
				GENERATE_INFOPLIST_FILE = YES;
				INFOPLIST_FILE = SwiftQuiz/Info.plist;
				INFOPLIST_KEY_UIApplicationSupportsIndirectInputEvents = YES;
				INFOPLIST_KEY_UILaunchStoryboardName = LaunchScreen;
				INFOPLIST_KEY_UIMainStoryboardFile = Main;
				INFOPLIST_KEY_UISupportedInterfaceOrientations_iPad = "UIInterfaceOrientationPortrait UIInterfaceOrientationPortraitUpsideDown UIInterfaceOrientationLandscapeLeft UIInterfaceOrientationLandscapeRight";
				INFOPLIST_KEY_UISupportedInterfaceOrientations_iPhone = "UIInterfaceOrientationPortrait UIInterfaceOrientationLandscapeLeft UIInterfaceOrientationLandscapeRight";
				LD_RUNPATH_SEARCH_PATHS = (
					"$(inherited)",
					"@executable_path/Frameworks",
				);
				MARKETING_VERSION = 1.0;
				PRODUCT_BUNDLE_IDENTIFIER = test.SwiftQuiz;
				PRODUCT_NAME = "$(TARGET_NAME)";
				SWIFT_EMIT_LOC_STRINGS = YES;
				SWIFT_VERSION = 5.0;
				TARGETED_DEVICE_FAMILY = "1,2";
			};
			name = Debug;
		};
		B5232E5D27FB375000D9CE40 /* Release */ = {
			isa = XCBuildConfiguration;
			buildSettings = {
				ASSETCATALOG_COMPILER_APPICON_NAME = AppIcon;
				ASSETCATALOG_COMPILER_GLOBAL_ACCENT_COLOR_NAME = AccentColor;
				CODE_SIGN_STYLE = Automatic;
				CURRENT_PROJECT_VERSION = 1;
				GENERATE_INFOPLIST_FILE = YES;
				INFOPLIST_FILE = SwiftQuiz/Info.plist;
				INFOPLIST_KEY_UIApplicationSupportsIndirectInputEvents = YES;
				INFOPLIST_KEY_UILaunchStoryboardName = LaunchScreen;
				INFOPLIST_KEY_UIMainStoryboardFile = Main;
				INFOPLIST_KEY_UISupportedInterfaceOrientations_iPad = "UIInterfaceOrientationPortrait UIInterfaceOrientationPortraitUpsideDown UIInterfaceOrientationLandscapeLeft UIInterfaceOrientationLandscapeRight";
				INFOPLIST_KEY_UISupportedInterfaceOrientations_iPhone = "UIInterfaceOrientationPortrait UIInterfaceOrientationLandscapeLeft UIInterfaceOrientationLandscapeRight";
				LD_RUNPATH_SEARCH_PATHS = (
					"$(inherited)",
					"@executable_path/Frameworks",
				);
				MARKETING_VERSION = 1.0;
				PRODUCT_BUNDLE_IDENTIFIER = test.SwiftQuiz;
				PRODUCT_NAME = "$(TARGET_NAME)";
				SWIFT_EMIT_LOC_STRINGS = YES;
				SWIFT_VERSION = 5.0;
				TARGETED_DEVICE_FAMILY = "1,2";
			};
			name = Release;
		};
/* End XCBuildConfiguration section */

/* Begin XCConfigurationList section */
		B5232E4227FB374C00D9CE40 /* Build configuration list for PBXProject "SwiftQuiz" */ = {
			isa = XCConfigurationList;
			buildConfigurations = (
				B5232E5927FB375000D9CE40 /* Debug */,
				B5232E5A27FB375000D9CE40 /* Release */,
			);
			defaultConfigurationIsVisible = 0;
			defaultConfigurationName = Release;
		};
		B5232E5B27FB375000D9CE40 /* Build configuration list for PBXNativeTarget "SwiftQuiz" */ = {
			isa = XCConfigurationList;
			buildConfigurations = (
				B5232E5C27FB375000D9CE40 /* Debug */,
				B5232E5D27FB375000D9CE40 /* Release */,
			);
			defaultConfigurationIsVisible = 0;
			defaultConfigurationName = Release;
		};
/* End XCConfigurationList section */
	};
	rootObject = B5232E3F27FB374C00D9CE40 /* Project object */;
}
